
Microsoft Visual Studio Solution File, Format Version 12.00
# Visual Studio Version 16
VisualStudioVersion = 16.0.34114.132
MinimumVisualStudioVersion = 10.0.40219.1
Project("{FAE04EC0-301F-11D3-BF4B-00C04F79EFBC}") = "FTECH_WebReviewCongNghe", "FTECH_WebReviewCongNghe\FTECH_WebReviewCongNghe.csproj", "{D7F13148-11DA-4FB4-9ACE-484D39412FB5}"
EndProject
Global
	GlobalSection(SolutionConfigurationPlatforms) = preSolution
		Debug|Any CPU = Debug|Any CPU
		Release|Any CPU = Release|Any CPU
	EndGlobalSection
	GlobalSection(ProjectConfigurationPlatforms) = postSolution
		{D7F13148-11DA-4FB4-9ACE-484D39412FB5}.Debug|Any CPU.ActiveCfg = Debug|Any CPU
		{D7F13148-11DA-4FB4-9ACE-484D39412FB5}.Debug|Any CPU.Build.0 = Debug|Any CPU
		{D7F13148-11DA-4FB4-9ACE-484D39412FB5}.Release|Any CPU.ActiveCfg = Release|Any CPU
		{D7F13148-11DA-4FB4-9ACE-484D39412FB5}.Release|Any CPU.Build.0 = Release|Any CPU
	EndGlobalSection
	GlobalSection(SolutionProperties) = preSolution
		HideSolutionNode = FALSE
	EndGlobalSection
	GlobalSection(ExtensibilityGlobals) = postSolution
		SolutionGuid = {55C43D22-377D-460D-96C6-EDAECC3F951C}
	EndGlobalSection
EndGlobal
